// !$*UTF8*$!
{
	archiveVersion = 1;
	classes = {
	};
	objectVersion = 51;
	objects = {

/* Begin PBXBuildFile section */
		14777CF526CCAAE00020BED1 /* ResponseModel.swift in Sources */ = {isa = PBXBuildFile; fileRef = 14777CF426CCAAE00020BED1 /* ResponseModel.swift */; };
		14777CF726CCAC9B0020BED1 /* Blog.swift in Sources */ = {isa = PBXBuildFile; fileRef = 14777CF626CCAC9B0020BED1 /* Blog.swift */; };
		14B923B226CB959C00EDC402 /* AppDelegate.swift in Sources */ = {isa = PBXBuildFile; fileRef = 14B923B126CB959C00EDC402 /* AppDelegate.swift */; };
		14B923B426CB959C00EDC402 /* SceneDelegate.swift in Sources */ = {isa = PBXBuildFile; fileRef = 14B923B326CB959C00EDC402 /* SceneDelegate.swift */; };
		14B923B626CB959C00EDC402 /* ViewController.swift in Sources */ = {isa = PBXBuildFile; fileRef = 14B923B526CB959C00EDC402 /* ViewController.swift */; };
		14B923B926CB959C00EDC402 /* Main.storyboard in Resources */ = {isa = PBXBuildFile; fileRef = 14B923B726CB959C00EDC402 /* Main.storyboard */; };
		14B923BB26CB959F00EDC402 /* Assets.xcassets in Resources */ = {isa = PBXBuildFile; fileRef = 14B923BA26CB959F00EDC402 /* Assets.xcassets */; };
		14B923BE26CB959F00EDC402 /* LaunchScreen.storyboard in Resources */ = {isa = PBXBuildFile; fileRef = 14B923BC26CB959F00EDC402 /* LaunchScreen.storyboard */; };
		14B923C926CB959F00EDC402 /* TinyNetTests.swift in Sources */ = {isa = PBXBuildFile; fileRef = 14B923C826CB959F00EDC402 /* TinyNetTests.swift */; };
		14B923D426CB95A000EDC402 /* TinyNetUITests.swift in Sources */ = {isa = PBXBuildFile; fileRef = 14B923D326CB95A000EDC402 /* TinyNetUITests.swift */; };
		14B923E826CB95C300EDC402 /* TinyNet.swift in Sources */ = {isa = PBXBuildFile; fileRef = 14B923E326CB95C300EDC402 /* TinyNet.swift */; };
		14B923E926CB95C300EDC402 /* TestAPI.swift in Sources */ = {isa = PBXBuildFile; fileRef = 14B923E426CB95C300EDC402 /* TestAPI.swift */; };
		14B923EA26CB95C300EDC402 /* demo.swift in Sources */ = {isa = PBXBuildFile; fileRef = 14B923E526CB95C300EDC402 /* demo.swift */; };
		14B923EB26CB95C300EDC402 /* NetDestructuring.swift in Sources */ = {isa = PBXBuildFile; fileRef = 14B923E626CB95C300EDC402 /* NetDestructuring.swift */; };
		14B923EE26CB980500EDC402 /* NetCache.swift in Sources */ = {isa = PBXBuildFile; fileRef = 14B923ED26CB980500EDC402 /* NetCache.swift */; };
		14B923F626CB9B5E00EDC402 /* TinyCodable.swift in Sources */ = {isa = PBXBuildFile; fileRef = 14B923F526CB9B5E00EDC402 /* TinyCodable.swift */; };
		14C7763727A2848100391FB0 /* TinyJSON.swift in Sources */ = {isa = PBXBuildFile; fileRef = 14C7763627A2848100391FB0 /* TinyJSON.swift */; };
		14DA85A229EF81E10082CE5F /* NetMiddleware.swift in Sources */ = {isa = PBXBuildFile; fileRef = 14DA85A129EF81E10082CE5F /* NetMiddleware.swift */; };
		64831748F611B29853111F3C /* Pods_TinyNetTests.framework in Frameworks */ = {isa = PBXBuildFile; fileRef = D00F19CD07703D3EB3DEF045 /* Pods_TinyNetTests.framework */; };
		96C30F47AB62E8A842744714 /* Pods_TinyNet.framework in Frameworks */ = {isa = PBXBuildFile; fileRef = 96CE33EE27D2C2A96D692FF5 /* Pods_TinyNet.framework */; };
		C1508E135AF393CE958F2658 /* Pods_TinyNet_TinyNetUITests.framework in Frameworks */ = {isa = PBXBuildFile; fileRef = 75284C1376B270B5C20D3B3A /* Pods_TinyNet_TinyNetUITests.framework */; };
/* End PBXBuildFile section */

/* Begin PBXContainerItemProxy section */
		14B923C526CB959F00EDC402 /* PBXContainerItemProxy */ = {
			isa = PBXContainerItemProxy;
			containerPortal = 14B923A626CB959C00EDC402 /* Project object */;
			proxyType = 1;
			remoteGlobalIDString = 14B923AD26CB959C00EDC402;
			remoteInfo = TinyNet;
		};
		14B923D026CB95A000EDC402 /* PBXContainerItemProxy */ = {
			isa = PBXContainerItemProxy;
			containerPortal = 14B923A626CB959C00EDC402 /* Project object */;
			proxyType = 1;
			remoteGlobalIDString = 14B923AD26CB959C00EDC402;
			remoteInfo = TinyNet;
		};
/* End PBXContainerItemProxy section */

/* Begin PBXFileReference section */
		14777CF426CCAAE00020BED1 /* ResponseModel.swift */ = {isa = PBXFileReference; lastKnownFileType = sourcecode.swift; path = ResponseModel.swift; sourceTree = "<group>"; };
		14777CF626CCAC9B0020BED1 /* Blog.swift */ = {isa = PBXFileReference; lastKnownFileType = sourcecode.swift; path = Blog.swift; sourceTree = "<group>"; };
		14B923AE26CB959C00EDC402 /* TinyNet.app */ = {isa = PBXFileReference; explicitFileType = wrapper.application; includeInIndex = 0; path = TinyNet.app; sourceTree = BUILT_PRODUCTS_DIR; };
		14B923B126CB959C00EDC402 /* AppDelegate.swift */ = {isa = PBXFileReference; lastKnownFileType = sourcecode.swift; path = AppDelegate.swift; sourceTree = "<group>"; };
		14B923B326CB959C00EDC402 /* SceneDelegate.swift */ = {isa = PBXFileReference; lastKnownFileType = sourcecode.swift; path = SceneDelegate.swift; sourceTree = "<group>"; };
		14B923B526CB959C00EDC402 /* ViewController.swift */ = {isa = PBXFileReference; lastKnownFileType = sourcecode.swift; path = ViewController.swift; sourceTree = "<group>"; };
		14B923B826CB959C00EDC402 /* Base */ = {isa = PBXFileReference; lastKnownFileType = file.storyboard; name = Base; path = Base.lproj/Main.storyboard; sourceTree = "<group>"; };
		14B923BA26CB959F00EDC402 /* Assets.xcassets */ = {isa = PBXFileReference; lastKnownFileType = folder.assetcatalog; path = Assets.xcassets; sourceTree = "<group>"; };
		14B923BD26CB959F00EDC402 /* Base */ = {isa = PBXFileReference; lastKnownFileType = file.storyboard; name = Base; path = Base.lproj/LaunchScreen.storyboard; sourceTree = "<group>"; };
		14B923BF26CB959F00EDC402 /* Info.plist */ = {isa = PBXFileReference; lastKnownFileType = text.plist.xml; path = Info.plist; sourceTree = "<group>"; };
		14B923C426CB959F00EDC402 /* TinyNetTests.xctest */ = {isa = PBXFileReference; explicitFileType = wrapper.cfbundle; includeInIndex = 0; path = TinyNetTests.xctest; sourceTree = BUILT_PRODUCTS_DIR; };
		14B923C826CB959F00EDC402 /* TinyNetTests.swift */ = {isa = PBXFileReference; lastKnownFileType = sourcecode.swift; path = TinyNetTests.swift; sourceTree = "<group>"; };
		14B923CA26CB959F00EDC402 /* Info.plist */ = {isa = PBXFileReference; lastKnownFileType = text.plist.xml; path = Info.plist; sourceTree = "<group>"; };
		14B923CF26CB95A000EDC402 /* TinyNetUITests.xctest */ = {isa = PBXFileReference; explicitFileType = wrapper.cfbundle; includeInIndex = 0; path = TinyNetUITests.xctest; sourceTree = BUILT_PRODUCTS_DIR; };
		14B923D326CB95A000EDC402 /* TinyNetUITests.swift */ = {isa = PBXFileReference; lastKnownFileType = sourcecode.swift; path = TinyNetUITests.swift; sourceTree = "<group>"; };
		14B923D526CB95A000EDC402 /* Info.plist */ = {isa = PBXFileReference; lastKnownFileType = text.plist.xml; path = Info.plist; sourceTree = "<group>"; };
		14B923E326CB95C300EDC402 /* TinyNet.swift */ = {isa = PBXFileReference; fileEncoding = 4; lastKnownFileType = sourcecode.swift; path = TinyNet.swift; sourceTree = "<group>"; };
		14B923E426CB95C300EDC402 /* TestAPI.swift */ = {isa = PBXFileReference; fileEncoding = 4; lastKnownFileType = sourcecode.swift; path = TestAPI.swift; sourceTree = "<group>"; };
		14B923E526CB95C300EDC402 /* demo.swift */ = {isa = PBXFileReference; fileEncoding = 4; lastKnownFileType = sourcecode.swift; path = demo.swift; sourceTree = "<group>"; };
		14B923E626CB95C300EDC402 /* NetDestructuring.swift */ = {isa = PBXFileReference; fileEncoding = 4; lastKnownFileType = sourcecode.swift; path = NetDestructuring.swift; sourceTree = "<group>"; };
		14B923ED26CB980500EDC402 /* NetCache.swift */ = {isa = PBXFileReference; lastKnownFileType = sourcecode.swift; path = NetCache.swift; sourceTree = "<group>"; };
		14B923F526CB9B5E00EDC402 /* TinyCodable.swift */ = {isa = PBXFileReference; lastKnownFileType = sourcecode.swift; path = TinyCodable.swift; sourceTree = "<group>"; };
		14C7763627A2848100391FB0 /* TinyJSON.swift */ = {isa = PBXFileReference; fileEncoding = 4; lastKnownFileType = sourcecode.swift; path = TinyJSON.swift; sourceTree = "<group>"; };
		14DA85A129EF81E10082CE5F /* NetMiddleware.swift */ = {isa = PBXFileReference; fileEncoding = 4; lastKnownFileType = sourcecode.swift; path = NetMiddleware.swift; sourceTree = "<group>"; };
		31B19EE0C049A828B649E35E /* Pods-TinyNetTests.debug.xcconfig */ = {isa = PBXFileReference; includeInIndex = 1; lastKnownFileType = text.xcconfig; name = "Pods-TinyNetTests.debug.xcconfig"; path = "Target Support Files/Pods-TinyNetTests/Pods-TinyNetTests.debug.xcconfig"; sourceTree = "<group>"; };
		75284C1376B270B5C20D3B3A /* Pods_TinyNet_TinyNetUITests.framework */ = {isa = PBXFileReference; explicitFileType = wrapper.framework; includeInIndex = 0; path = Pods_TinyNet_TinyNetUITests.framework; sourceTree = BUILT_PRODUCTS_DIR; };
		853BD8D6727B0887A533D37B /* Pods-TinyNet.debug.xcconfig */ = {isa = PBXFileReference; includeInIndex = 1; lastKnownFileType = text.xcconfig; name = "Pods-TinyNet.debug.xcconfig"; path = "Target Support Files/Pods-TinyNet/Pods-TinyNet.debug.xcconfig"; sourceTree = "<group>"; };
		96CE33EE27D2C2A96D692FF5 /* Pods_TinyNet.framework */ = {isa = PBXFileReference; explicitFileType = wrapper.framework; includeInIndex = 0; path = Pods_TinyNet.framework; sourceTree = BUILT_PRODUCTS_DIR; };
		C401ED3769CBC93E8324B9E9 /* Pods-TinyNet-TinyNetUITests.release.xcconfig */ = {isa = PBXFileReference; includeInIndex = 1; lastKnownFileType = text.xcconfig; name = "Pods-TinyNet-TinyNetUITests.release.xcconfig"; path = "Target Support Files/Pods-TinyNet-TinyNetUITests/Pods-TinyNet-TinyNetUITests.release.xcconfig"; sourceTree = "<group>"; };
		D00F19CD07703D3EB3DEF045 /* Pods_TinyNetTests.framework */ = {isa = PBXFileReference; explicitFileType = wrapper.framework; includeInIndex = 0; path = Pods_TinyNetTests.framework; sourceTree = BUILT_PRODUCTS_DIR; };
		D29E076ED8E217BB0CF6A73B /* Pods-TinyNet.release.xcconfig */ = {isa = PBXFileReference; includeInIndex = 1; lastKnownFileType = text.xcconfig; name = "Pods-TinyNet.release.xcconfig"; path = "Target Support Files/Pods-TinyNet/Pods-TinyNet.release.xcconfig"; sourceTree = "<group>"; };
		E23B709A9C70BFFF00EC21C6 /* Pods-TinyNet-TinyNetUITests.debug.xcconfig */ = {isa = PBXFileReference; includeInIndex = 1; lastKnownFileType = text.xcconfig; name = "Pods-TinyNet-TinyNetUITests.debug.xcconfig"; path = "Target Support Files/Pods-TinyNet-TinyNetUITests/Pods-TinyNet-TinyNetUITests.debug.xcconfig"; sourceTree = "<group>"; };
		FF8D1DFBC249C5AFA8BAC576 /* Pods-TinyNetTests.release.xcconfig */ = {isa = PBXFileReference; includeInIndex = 1; lastKnownFileType = text.xcconfig; name = "Pods-TinyNetTests.release.xcconfig"; path = "Target Support Files/Pods-TinyNetTests/Pods-TinyNetTests.release.xcconfig"; sourceTree = "<group>"; };
/* End PBXFileReference section */

/* Begin PBXFrameworksBuildPhase section */
		14B923AB26CB959C00EDC402 /* Frameworks */ = {
			isa = PBXFrameworksBuildPhase;
			buildActionMask = 2147483647;
			files = (
				96C30F47AB62E8A842744714 /* Pods_TinyNet.framework in Frameworks */,
			);
			runOnlyForDeploymentPostprocessing = 0;
		};
		14B923C126CB959F00EDC402 /* Frameworks */ = {
			isa = PBXFrameworksBuildPhase;
			buildActionMask = 2147483647;
			files = (
				64831748F611B29853111F3C /* Pods_TinyNetTests.framework in Frameworks */,
			);
			runOnlyForDeploymentPostprocessing = 0;
		};
		14B923CC26CB95A000EDC402 /* Frameworks */ = {
			isa = PBXFrameworksBuildPhase;
			buildActionMask = 2147483647;
			files = (
				C1508E135AF393CE958F2658 /* Pods_TinyNet_TinyNetUITests.framework in Frameworks */,
			);
			runOnlyForDeploymentPostprocessing = 0;
		};
/* End PBXFrameworksBuildPhase section */

/* Begin PBXGroup section */
		14777CF326CCA9400020BED1 /* ReponseModels */ = {
			isa = PBXGroup;
			children = (
				14777CF426CCAAE00020BED1 /* ResponseModel.swift */,
				14777CF626CCAC9B0020BED1 /* Blog.swift */,
			);
			path = ReponseModels;
			sourceTree = "<group>";
		};
		14777CF826CCACFC0020BED1 /* APIs */ = {
			isa = PBXGroup;
			children = (
				14B923E426CB95C300EDC402 /* TestAPI.swift */,
			);
			path = APIs;
			sourceTree = "<group>";
		};
		14B923A526CB959C00EDC402 = {
			isa = PBXGroup;
			children = (
				14B923B026CB959C00EDC402 /* TinyNet */,
				14B923C726CB959F00EDC402 /* TinyNetTests */,
				14B923D226CB95A000EDC402 /* TinyNetUITests */,
				14B923AF26CB959C00EDC402 /* Products */,
				78D4B1BB270D01FB4A724859 /* Pods */,
				292DBCB003E8A79FC79D19DA /* Frameworks */,
			);
			sourceTree = "<group>";
		};
		14B923AF26CB959C00EDC402 /* Products */ = {
			isa = PBXGroup;
			children = (
				14B923AE26CB959C00EDC402 /* TinyNet.app */,
				14B923C426CB959F00EDC402 /* TinyNetTests.xctest */,
				14B923CF26CB95A000EDC402 /* TinyNetUITests.xctest */,
			);
			name = Products;
			sourceTree = "<group>";
		};
		14B923B026CB959C00EDC402 /* TinyNet */ = {
			isa = PBXGroup;
			children = (
				14777CF826CCACFC0020BED1 /* APIs */,
				14777CF326CCA9400020BED1 /* ReponseModels */,
				14B923E126CB95B600EDC402 /* TinyNet */,
				14B923B126CB959C00EDC402 /* AppDelegate.swift */,
				14B923B326CB959C00EDC402 /* SceneDelegate.swift */,
				14B923B526CB959C00EDC402 /* ViewController.swift */,
				14B923E526CB95C300EDC402 /* demo.swift */,
				14B923B726CB959C00EDC402 /* Main.storyboard */,
				14B923BA26CB959F00EDC402 /* Assets.xcassets */,
				14B923BC26CB959F00EDC402 /* LaunchScreen.storyboard */,
				14B923BF26CB959F00EDC402 /* Info.plist */,
			);
			path = TinyNet;
			sourceTree = "<group>";
		};
		14B923C726CB959F00EDC402 /* TinyNetTests */ = {
			isa = PBXGroup;
			children = (
				14B923C826CB959F00EDC402 /* TinyNetTests.swift */,
				14B923CA26CB959F00EDC402 /* Info.plist */,
			);
			path = TinyNetTests;
			sourceTree = "<group>";
		};
		14B923D226CB95A000EDC402 /* TinyNetUITests */ = {
			isa = PBXGroup;
			children = (
				14B923D326CB95A000EDC402 /* TinyNetUITests.swift */,
				14B923D526CB95A000EDC402 /* Info.plist */,
			);
			path = TinyNetUITests;
			sourceTree = "<group>";
		};
		14B923E126CB95B600EDC402 /* TinyNet */ = {
			isa = PBXGroup;
			children = (
				14B923EF26CB98DD00EDC402 /* Helper */,
				14B923F226CB99F800EDC402 /* Core */,
				14B923E626CB95C300EDC402 /* NetDestructuring.swift */,
				14B923ED26CB980500EDC402 /* NetCache.swift */,
			);
			path = TinyNet;
			sourceTree = "<group>";
		};
		14B923EF26CB98DD00EDC402 /* Helper */ = {
			isa = PBXGroup;
			children = (
				14C7763627A2848100391FB0 /* TinyJSON.swift */,
			);
			path = Helper;
			sourceTree = "<group>";
		};
		14B923F226CB99F800EDC402 /* Core */ = {
			isa = PBXGroup;
			children = (
				14DA85A129EF81E10082CE5F /* NetMiddleware.swift */,
				14B923E326CB95C300EDC402 /* TinyNet.swift */,
				14B923F526CB9B5E00EDC402 /* TinyCodable.swift */,
			);
			path = Core;
			sourceTree = "<group>";
		};
		292DBCB003E8A79FC79D19DA /* Frameworks */ = {
			isa = PBXGroup;
			children = (
				96CE33EE27D2C2A96D692FF5 /* Pods_TinyNet.framework */,
				75284C1376B270B5C20D3B3A /* Pods_TinyNet_TinyNetUITests.framework */,
				D00F19CD07703D3EB3DEF045 /* Pods_TinyNetTests.framework */,
			);
			name = Frameworks;
			sourceTree = "<group>";
		};
		78D4B1BB270D01FB4A724859 /* Pods */ = {
			isa = PBXGroup;
			children = (
				853BD8D6727B0887A533D37B /* Pods-TinyNet.debug.xcconfig */,
				D29E076ED8E217BB0CF6A73B /* Pods-TinyNet.release.xcconfig */,
				E23B709A9C70BFFF00EC21C6 /* Pods-TinyNet-TinyNetUITests.debug.xcconfig */,
				C401ED3769CBC93E8324B9E9 /* Pods-TinyNet-TinyNetUITests.release.xcconfig */,
				31B19EE0C049A828B649E35E /* Pods-TinyNetTests.debug.xcconfig */,
				FF8D1DFBC249C5AFA8BAC576 /* Pods-TinyNetTests.release.xcconfig */,
			);
			path = Pods;
			sourceTree = "<group>";
		};
/* End PBXGroup section */

/* Begin PBXNativeTarget section */
		14B923AD26CB959C00EDC402 /* TinyNet */ = {
			isa = PBXNativeTarget;
			buildConfigurationList = 14B923D826CB95A000EDC402 /* Build configuration list for PBXNativeTarget "TinyNet" */;
			buildPhases = (
				5C5D42AD56F20441A78F2E5D /* [CP] Check Pods Manifest.lock */,
				14B923AA26CB959C00EDC402 /* Sources */,
				14B923AB26CB959C00EDC402 /* Frameworks */,
				14B923AC26CB959C00EDC402 /* Resources */,
				E8CF68F9E52743464CEDE700 /* [CP] Embed Pods Frameworks */,
			);
			buildRules = (
			);
			dependencies = (
			);
			name = TinyNet;
			productName = TinyNet;
			productReference = 14B923AE26CB959C00EDC402 /* TinyNet.app */;
			productType = "com.apple.product-type.application";
		};
		14B923C326CB959F00EDC402 /* TinyNetTests */ = {
			isa = PBXNativeTarget;
			buildConfigurationList = 14B923DB26CB95A000EDC402 /* Build configuration list for PBXNativeTarget "TinyNetTests" */;
			buildPhases = (
				D774A173FA1FCFC70D2A42C9 /* [CP] Check Pods Manifest.lock */,
				14B923C026CB959F00EDC402 /* Sources */,
				14B923C126CB959F00EDC402 /* Frameworks */,
				14B923C226CB959F00EDC402 /* Resources */,
			);
			buildRules = (
			);
			dependencies = (
				14B923C626CB959F00EDC402 /* PBXTargetDependency */,
			);
			name = TinyNetTests;
			productName = TinyNetTests;
			productReference = 14B923C426CB959F00EDC402 /* TinyNetTests.xctest */;
			productType = "com.apple.product-type.bundle.unit-test";
		};
		14B923CE26CB95A000EDC402 /* TinyNetUITests */ = {
			isa = PBXNativeTarget;
			buildConfigurationList = 14B923DE26CB95A000EDC402 /* Build configuration list for PBXNativeTarget "TinyNetUITests" */;
			buildPhases = (
				885CA5D81C16CBC2E7DE4AFB /* [CP] Check Pods Manifest.lock */,
				14B923CB26CB95A000EDC402 /* Sources */,
				14B923CC26CB95A000EDC402 /* Frameworks */,
				14B923CD26CB95A000EDC402 /* Resources */,
				D7C42A9888364AABEEC82956 /* [CP] Embed Pods Frameworks */,
			);
			buildRules = (
			);
			dependencies = (
				14B923D126CB95A000EDC402 /* PBXTargetDependency */,
			);
			name = TinyNetUITests;
			productName = TinyNetUITests;
			productReference = 14B923CF26CB95A000EDC402 /* TinyNetUITests.xctest */;
			productType = "com.apple.product-type.bundle.ui-testing";
		};
/* End PBXNativeTarget section */

/* Begin PBXProject section */
		14B923A626CB959C00EDC402 /* Project object */ = {
			isa = PBXProject;
			attributes = {
				LastSwiftUpdateCheck = 1250;
				LastUpgradeCheck = 1250;
				TargetAttributes = {
					14B923AD26CB959C00EDC402 = {
						CreatedOnToolsVersion = 12.5.1;
					};
					14B923C326CB959F00EDC402 = {
						CreatedOnToolsVersion = 12.5.1;
						TestTargetID = 14B923AD26CB959C00EDC402;
					};
					14B923CE26CB95A000EDC402 = {
						CreatedOnToolsVersion = 12.5.1;
						TestTargetID = 14B923AD26CB959C00EDC402;
					};
				};
			};
			buildConfigurationList = 14B923A926CB959C00EDC402 /* Build configuration list for PBXProject "TinyNet" */;
			compatibilityVersion = "Xcode 9.3";
			developmentRegion = en;
			hasScannedForEncodings = 0;
			knownRegions = (
				en,
				Base,
			);
			mainGroup = 14B923A526CB959C00EDC402;
			productRefGroup = 14B923AF26CB959C00EDC402 /* Products */;
			projectDirPath = "";
			projectRoot = "";
			targets = (
				14B923AD26CB959C00EDC402 /* TinyNet */,
				14B923C326CB959F00EDC402 /* TinyNetTests */,
				14B923CE26CB95A000EDC402 /* TinyNetUITests */,
			);
		};
/* End PBXProject section */

/* Begin PBXResourcesBuildPhase section */
		14B923AC26CB959C00EDC402 /* Resources */ = {
			isa = PBXResourcesBuildPhase;
			buildActionMask = 2147483647;
			files = (
				14B923BE26CB959F00EDC402 /* LaunchScreen.storyboard in Resources */,
				14B923BB26CB959F00EDC402 /* Assets.xcassets in Resources */,
				14B923B926CB959C00EDC402 /* Main.storyboard in Resources */,
			);
			runOnlyForDeploymentPostprocessing = 0;
		};
		14B923C226CB959F00EDC402 /* Resources */ = {
			isa = PBXResourcesBuildPhase;
			buildActionMask = 2147483647;
			files = (
			);
			runOnlyForDeploymentPostprocessing = 0;
		};
		14B923CD26CB95A000EDC402 /* Resources */ = {
			isa = PBXResourcesBuildPhase;
			buildActionMask = 2147483647;
			files = (
			);
			runOnlyForDeploymentPostprocessing = 0;
		};
/* End PBXResourcesBuildPhase section */

/* Begin PBXShellScriptBuildPhase section */
		5C5D42AD56F20441A78F2E5D /* [CP] Check Pods Manifest.lock */ = {
			isa = PBXShellScriptBuildPhase;
			buildActionMask = 2147483647;
			files = (
			);
			inputFileListPaths = (
			);
			inputPaths = (
				"${PODS_PODFILE_DIR_PATH}/Podfile.lock",
				"${PODS_ROOT}/Manifest.lock",
			);
			name = "[CP] Check Pods Manifest.lock";
			outputFileListPaths = (
			);
			outputPaths = (
				"$(DERIVED_FILE_DIR)/Pods-TinyNet-checkManifestLockResult.txt",
			);
			runOnlyForDeploymentPostprocessing = 0;
			shellPath = /bin/sh;
			shellScript = "diff \"${PODS_PODFILE_DIR_PATH}/Podfile.lock\" \"${PODS_ROOT}/Manifest.lock\" > /dev/null\nif [ $? != 0 ] ; then\n    # print error to STDERR\n    echo \"error: The sandbox is not in sync with the Podfile.lock. Run 'pod install' or update your CocoaPods installation.\" >&2\n    exit 1\nfi\n# This output is used by Xcode 'outputs' to avoid re-running this script phase.\necho \"SUCCESS\" > \"${SCRIPT_OUTPUT_FILE_0}\"\n";
			showEnvVarsInLog = 0;
		};
		885CA5D81C16CBC2E7DE4AFB /* [CP] Check Pods Manifest.lock */ = {
			isa = PBXShellScriptBuildPhase;
			buildActionMask = 2147483647;
			files = (
			);
			inputFileListPaths = (
			);
			inputPaths = (
				"${PODS_PODFILE_DIR_PATH}/Podfile.lock",
				"${PODS_ROOT}/Manifest.lock",
			);
			name = "[CP] Check Pods Manifest.lock";
			outputFileListPaths = (
			);
			outputPaths = (
				"$(DERIVED_FILE_DIR)/Pods-TinyNet-TinyNetUITests-checkManifestLockResult.txt",
			);
			runOnlyForDeploymentPostprocessing = 0;
			shellPath = /bin/sh;
			shellScript = "diff \"${PODS_PODFILE_DIR_PATH}/Podfile.lock\" \"${PODS_ROOT}/Manifest.lock\" > /dev/null\nif [ $? != 0 ] ; then\n    # print error to STDERR\n    echo \"error: The sandbox is not in sync with the Podfile.lock. Run 'pod install' or update your CocoaPods installation.\" >&2\n    exit 1\nfi\n# This output is used by Xcode 'outputs' to avoid re-running this script phase.\necho \"SUCCESS\" > \"${SCRIPT_OUTPUT_FILE_0}\"\n";
			showEnvVarsInLog = 0;
		};
		D774A173FA1FCFC70D2A42C9 /* [CP] Check Pods Manifest.lock */ = {
			isa = PBXShellScriptBuildPhase;
			buildActionMask = 2147483647;
			files = (
			);
			inputFileListPaths = (
			);
			inputPaths = (
				"${PODS_PODFILE_DIR_PATH}/Podfile.lock",
				"${PODS_ROOT}/Manifest.lock",
			);
			name = "[CP] Check Pods Manifest.lock";
			outputFileListPaths = (
			);
			outputPaths = (
				"$(DERIVED_FILE_DIR)/Pods-TinyNetTests-checkManifestLockResult.txt",
			);
			runOnlyForDeploymentPostprocessing = 0;
			shellPath = /bin/sh;
			shellScript = "diff \"${PODS_PODFILE_DIR_PATH}/Podfile.lock\" \"${PODS_ROOT}/Manifest.lock\" > /dev/null\nif [ $? != 0 ] ; then\n    # print error to STDERR\n    echo \"error: The sandbox is not in sync with the Podfile.lock. Run 'pod install' or update your CocoaPods installation.\" >&2\n    exit 1\nfi\n# This output is used by Xcode 'outputs' to avoid re-running this script phase.\necho \"SUCCESS\" > \"${SCRIPT_OUTPUT_FILE_0}\"\n";
			showEnvVarsInLog = 0;
		};
		D7C42A9888364AABEEC82956 /* [CP] Embed Pods Frameworks */ = {
			isa = PBXShellScriptBuildPhase;
			buildActionMask = 2147483647;
			files = (
			);
			inputFileListPaths = (
				"${PODS_ROOT}/Target Support Files/Pods-TinyNet-TinyNetUITests/Pods-TinyNet-TinyNetUITests-frameworks-${CONFIGURATION}-input-files.xcfilelist",
			);
			name = "[CP] Embed Pods Frameworks";
			outputFileListPaths = (
				"${PODS_ROOT}/Target Support Files/Pods-TinyNet-TinyNetUITests/Pods-TinyNet-TinyNetUITests-frameworks-${CONFIGURATION}-output-files.xcfilelist",
			);
			runOnlyForDeploymentPostprocessing = 0;
			shellPath = /bin/sh;
			shellScript = "\"${PODS_ROOT}/Target Support Files/Pods-TinyNet-TinyNetUITests/Pods-TinyNet-TinyNetUITests-frameworks.sh\"\n";
			showEnvVarsInLog = 0;
		};
		E8CF68F9E52743464CEDE700 /* [CP] Embed Pods Frameworks */ = {
			isa = PBXShellScriptBuildPhase;
			buildActionMask = 2147483647;
			files = (
			);
			inputFileListPaths = (
				"${PODS_ROOT}/Target Support Files/Pods-TinyNet/Pods-TinyNet-frameworks-${CONFIGURATION}-input-files.xcfilelist",
			);
			name = "[CP] Embed Pods Frameworks";
			outputFileListPaths = (
				"${PODS_ROOT}/Target Support Files/Pods-TinyNet/Pods-TinyNet-frameworks-${CONFIGURATION}-output-files.xcfilelist",
			);
			runOnlyForDeploymentPostprocessing = 0;
			shellPath = /bin/sh;
			shellScript = "\"${PODS_ROOT}/Target Support Files/Pods-TinyNet/Pods-TinyNet-frameworks.sh\"\n";
			showEnvVarsInLog = 0;
		};
/* End PBXShellScriptBuildPhase section */

/* Begin PBXSourcesBuildPhase section */
		14B923AA26CB959C00EDC402 /* Sources */ = {
			isa = PBXSourcesBuildPhase;
			buildActionMask = 2147483647;
			files = (
				14B923B626CB959C00EDC402 /* ViewController.swift in Sources */,
				14B923E926CB95C300EDC402 /* TestAPI.swift in Sources */,
				14777CF526CCAAE00020BED1 /* ResponseModel.swift in Sources */,
				14DA85A229EF81E10082CE5F /* NetMiddleware.swift in Sources */,
				14B923EA26CB95C300EDC402 /* demo.swift in Sources */,
				14B923EE26CB980500EDC402 /* NetCache.swift in Sources */,
				14B923EB26CB95C300EDC402 /* NetDestructuring.swift in Sources */,
				14B923F626CB9B5E00EDC402 /* TinyCodable.swift in Sources */,
				14B923B226CB959C00EDC402 /* AppDelegate.swift in Sources */,
				14777CF726CCAC9B0020BED1 /* Blog.swift in Sources */,
				14B923B426CB959C00EDC402 /* SceneDelegate.swift in Sources */,
				14B923E826CB95C300EDC402 /* TinyNet.swift in Sources */,
				14C7763727A2848100391FB0 /* TinyJSON.swift in Sources */,
			);
			runOnlyForDeploymentPostprocessing = 0;
		};
		14B923C026CB959F00EDC402 /* Sources */ = {
			isa = PBXSourcesBuildPhase;
			buildActionMask = 2147483647;
			files = (
				14B923C926CB959F00EDC402 /* TinyNetTests.swift in Sources */,
			);
			runOnlyForDeploymentPostprocessing = 0;
		};
		14B923CB26CB95A000EDC402 /* Sources */ = {
			isa = PBXSourcesBuildPhase;
			buildActionMask = 2147483647;
			files = (
				14B923D426CB95A000EDC402 /* TinyNetUITests.swift in Sources */,
			);
			runOnlyForDeploymentPostprocessing = 0;
		};
/* End PBXSourcesBuildPhase section */

/* Begin PBXTargetDependency section */
		14B923C626CB959F00EDC402 /* PBXTargetDependency */ = {
			isa = PBXTargetDependency;
			target = 14B923AD26CB959C00EDC402 /* TinyNet */;
			targetProxy = 14B923C526CB959F00EDC402 /* PBXContainerItemProxy */;
		};
		14B923D126CB95A000EDC402 /* PBXTargetDependency */ = {
			isa = PBXTargetDependency;
			target = 14B923AD26CB959C00EDC402 /* TinyNet */;
			targetProxy = 14B923D026CB95A000EDC402 /* PBXContainerItemProxy */;
		};
/* End PBXTargetDependency section */

/* Begin PBXVariantGroup section */
		14B923B726CB959C00EDC402 /* Main.storyboard */ = {
			isa = PBXVariantGroup;
			children = (
				14B923B826CB959C00EDC402 /* Base */,
			);
			name = Main.storyboard;
			sourceTree = "<group>";
		};
		14B923BC26CB959F00EDC402 /* LaunchScreen.storyboard */ = {
			isa = PBXVariantGroup;
			children = (
				14B923BD26CB959F00EDC402 /* Base */,
			);
			name = LaunchScreen.storyboard;
			sourceTree = "<group>";
		};
/* End PBXVariantGroup section */

/* Begin XCBuildConfiguration section */
		14B923D626CB95A000EDC402 /* Debug */ = {
			isa = XCBuildConfiguration;
			buildSettings = {
				ALWAYS_SEARCH_USER_PATHS = NO;
				CLANG_ANALYZER_NONNULL = YES;
				CLANG_ANALYZER_NUMBER_OBJECT_CONVERSION = YES_AGGRESSIVE;
				CLANG_CXX_LANGUAGE_STANDARD = "gnu++14";
				CLANG_CXX_LIBRARY = "libc++";
				CLANG_ENABLE_MODULES = YES;
				CLANG_ENABLE_OBJC_ARC = YES;
				CLANG_ENABLE_OBJC_WEAK = YES;
				CLANG_WARN_BLOCK_CAPTURE_AUTORELEASING = YES;
				CLANG_WARN_BOOL_CONVERSION = YES;
				CLANG_WARN_COMMA = YES;
				CLANG_WARN_CONSTANT_CONVERSION = YES;
				CLANG_WARN_DEPRECATED_OBJC_IMPLEMENTATIONS = YES;
				CLANG_WARN_DIRECT_OBJC_ISA_USAGE = YES_ERROR;
				CLANG_WARN_DOCUMENTATION_COMMENTS = YES;
				CLANG_WARN_EMPTY_BODY = YES;
				CLANG_WARN_ENUM_CONVERSION = YES;
				CLANG_WARN_INFINITE_RECURSION = YES;
				CLANG_WARN_INT_CONVERSION = YES;
				CLANG_WARN_NON_LITERAL_NULL_CONVERSION = YES;
				CLANG_WARN_OBJC_IMPLICIT_RETAIN_SELF = YES;
				CLANG_WARN_OBJC_LITERAL_CONVERSION = YES;
				CLANG_WARN_OBJC_ROOT_CLASS = YES_ERROR;
				CLANG_WARN_QUOTED_INCLUDE_IN_FRAMEWORK_HEADER = YES;
				CLANG_WARN_RANGE_LOOP_ANALYSIS = YES;
				CLANG_WARN_STRICT_PROTOTYPES = YES;
				CLANG_WARN_SUSPICIOUS_MOVE = YES;
				CLANG_WARN_UNGUARDED_AVAILABILITY = YES_AGGRESSIVE;
				CLANG_WARN_UNREACHABLE_CODE = YES;
				CLANG_WARN__DUPLICATE_METHOD_MATCH = YES;
				COPY_PHASE_STRIP = NO;
				DEBUG_INFORMATION_FORMAT = dwarf;
				ENABLE_STRICT_OBJC_MSGSEND = YES;
				ENABLE_TESTABILITY = YES;
				GCC_C_LANGUAGE_STANDARD = gnu11;
				GCC_DYNAMIC_NO_PIC = NO;
				GCC_NO_COMMON_BLOCKS = YES;
				GCC_OPTIMIZATION_LEVEL = 0;
				GCC_PREPROCESSOR_DEFINITIONS = (
					"DEBUG=1",
					"$(inherited)",
				);
				GCC_WARN_64_TO_32_BIT_CONVERSION = YES;
				GCC_WARN_ABOUT_RETURN_TYPE = YES_ERROR;
				GCC_WARN_UNDECLARED_SELECTOR = YES;
				GCC_WARN_UNINITIALIZED_AUTOS = YES_AGGRESSIVE;
				GCC_WARN_UNUSED_FUNCTION = YES;
				GCC_WARN_UNUSED_VARIABLE = YES;
				IPHONEOS_DEPLOYMENT_TARGET = 14.5;
				MTL_ENABLE_DEBUG_INFO = INCLUDE_SOURCE;
				MTL_FAST_MATH = YES;
				ONLY_ACTIVE_ARCH = YES;
				SDKROOT = iphoneos;
				SWIFT_ACTIVE_COMPILATION_CONDITIONS = DEBUG;
				SWIFT_OPTIMIZATION_LEVEL = "-Onone";
			};
			name = Debug;
		};
		14B923D726CB95A000EDC402 /* Release */ = {
			isa = XCBuildConfiguration;
			buildSettings = {
				ALWAYS_SEARCH_USER_PATHS = NO;
				CLANG_ANALYZER_NONNULL = YES;
				CLANG_ANALYZER_NUMBER_OBJECT_CONVERSION = YES_AGGRESSIVE;
				CLANG_CXX_LANGUAGE_STANDARD = "gnu++14";
				CLANG_CXX_LIBRARY = "libc++";
				CLANG_ENABLE_MODULES = YES;
				CLANG_ENABLE_OBJC_ARC = YES;
				CLANG_ENABLE_OBJC_WEAK = YES;
				CLANG_WARN_BLOCK_CAPTURE_AUTORELEASING = YES;
				CLANG_WARN_BOOL_CONVERSION = YES;
				CLANG_WARN_COMMA = YES;
				CLANG_WARN_CONSTANT_CONVERSION = YES;
				CLANG_WARN_DEPRECATED_OBJC_IMPLEMENTATIONS = YES;
				CLANG_WARN_DIRECT_OBJC_ISA_USAGE = YES_ERROR;
				CLANG_WARN_DOCUMENTATION_COMMENTS = YES;
				CLANG_WARN_EMPTY_BODY = YES;
				CLANG_WARN_ENUM_CONVERSION = YES;
				CLANG_WARN_INFINITE_RECURSION = YES;
				CLANG_WARN_INT_CONVERSION = YES;
				CLANG_WARN_NON_LITERAL_NULL_CONVERSION = YES;
				CLANG_WARN_OBJC_IMPLICIT_RETAIN_SELF = YES;
				CLANG_WARN_OBJC_LITERAL_CONVERSION = YES;
				CLANG_WARN_OBJC_ROOT_CLASS = YES_ERROR;
				CLANG_WARN_QUOTED_INCLUDE_IN_FRAMEWORK_HEADER = YES;
				CLANG_WARN_RANGE_LOOP_ANALYSIS = YES;
				CLANG_WARN_STRICT_PROTOTYPES = YES;
				CLANG_WARN_SUSPICIOUS_MOVE = YES;
				CLANG_WARN_UNGUARDED_AVAILABILITY = YES_AGGRESSIVE;
				CLANG_WARN_UNREACHABLE_CODE = YES;
				CLANG_WARN__DUPLICATE_METHOD_MATCH = YES;
				COPY_PHASE_STRIP = NO;
				DEBUG_INFORMATION_FORMAT = "dwarf-with-dsym";
				ENABLE_NS_ASSERTIONS = NO;
				ENABLE_STRICT_OBJC_MSGSEND = YES;
				GCC_C_LANGUAGE_STANDARD = gnu11;
				GCC_NO_COMMON_BLOCKS = YES;
				GCC_WARN_64_TO_32_BIT_CONVERSION = YES;
				GCC_WARN_ABOUT_RETURN_TYPE = YES_ERROR;
				GCC_WARN_UNDECLARED_SELECTOR = YES;
				GCC_WARN_UNINITIALIZED_AUTOS = YES_AGGRESSIVE;
				GCC_WARN_UNUSED_FUNCTION = YES;
				GCC_WARN_UNUSED_VARIABLE = YES;
				IPHONEOS_DEPLOYMENT_TARGET = 14.5;
				MTL_ENABLE_DEBUG_INFO = NO;
				MTL_FAST_MATH = YES;
				SDKROOT = iphoneos;
				SWIFT_COMPILATION_MODE = wholemodule;
				SWIFT_OPTIMIZATION_LEVEL = "-O";
				VALIDATE_PRODUCT = YES;
			};
			name = Release;
		};
		14B923D926CB95A000EDC402 /* Debug */ = {
			isa = XCBuildConfiguration;
			baseConfigurationReference = 853BD8D6727B0887A533D37B /* Pods-TinyNet.debug.xcconfig */;
			buildSettings = {
				ASSETCATALOG_COMPILER_APPICON_NAME = AppIcon;
				ASSETCATALOG_COMPILER_GLOBAL_ACCENT_COLOR_NAME = AccentColor;
				CODE_SIGN_STYLE = Automatic;
				DEVELOPMENT_TEAM = 4LBTDVZBKJ;
				INFOPLIST_FILE = TinyNet/Info.plist;
				LD_RUNPATH_SEARCH_PATHS = (
					"$(inherited)",
					"@executable_path/Frameworks",
				);
				PRODUCT_BUNDLE_IDENTIFIER = liulishuo.TinyNet;
				PRODUCT_NAME = "$(TARGET_NAME)";
				SWIFT_VERSION = 5.0;
				TARGETED_DEVICE_FAMILY = "1,2";
			};
			name = Debug;
		};
		14B923DA26CB95A000EDC402 /* Release */ = {
			isa = XCBuildConfiguration;
			baseConfigurationReference = D29E076ED8E217BB0CF6A73B /* Pods-TinyNet.release.xcconfig */;
			buildSettings = {
				ASSETCATALOG_COMPILER_APPICON_NAME = AppIcon;
				ASSETCATALOG_COMPILER_GLOBAL_ACCENT_COLOR_NAME = AccentColor;
				CODE_SIGN_STYLE = Automatic;
				DEVELOPMENT_TEAM = 4LBTDVZBKJ;
				INFOPLIST_FILE = TinyNet/Info.plist;
				LD_RUNPATH_SEARCH_PATHS = (
					"$(inherited)",
					"@executable_path/Frameworks",
				);
				PRODUCT_BUNDLE_IDENTIFIER = liulishuo.TinyNet;
				PRODUCT_NAME = "$(TARGET_NAME)";
				SWIFT_VERSION = 5.0;
				TARGETED_DEVICE_FAMILY = "1,2";
			};
			name = Release;
		};
		14B923DC26CB95A000EDC402 /* Debug */ = {
			isa = XCBuildConfiguration;
			baseConfigurationReference = 31B19EE0C049A828B649E35E /* Pods-TinyNetTests.debug.xcconfig */;
			buildSettings = {
				ALWAYS_EMBED_SWIFT_STANDARD_LIBRARIES = YES;
				BUNDLE_LOADER = "$(TEST_HOST)";
				CODE_SIGN_STYLE = Automatic;
				DEVELOPMENT_TEAM = 4LBTDVZBKJ;
				INFOPLIST_FILE = TinyNetTests/Info.plist;
				IPHONEOS_DEPLOYMENT_TARGET = 14.5;
				LD_RUNPATH_SEARCH_PATHS = (
					"$(inherited)",
					"@executable_path/Frameworks",
					"@loader_path/Frameworks",
				);
				PRODUCT_BUNDLE_IDENTIFIER = liulishuo.TinyNetTests;
				PRODUCT_NAME = "$(TARGET_NAME)";
				SWIFT_VERSION = 5.0;
				TARGETED_DEVICE_FAMILY = "1,2";
				TEST_HOST = "$(BUILT_PRODUCTS_DIR)/TinyNet.app/TinyNet";
			};
			name = Debug;
		};
		14B923DD26CB95A000EDC402 /* Release */ = {
			isa = XCBuildConfiguration;
			baseConfigurationReference = FF8D1DFBC249C5AFA8BAC576 /* Pods-TinyNetTests.release.xcconfig */;
			buildSettings = {
				ALWAYS_EMBED_SWIFT_STANDARD_LIBRARIES = YES;
				BUNDLE_LOADER = "$(TEST_HOST)";
				CODE_SIGN_STYLE = Automatic;
				DEVELOPMENT_TEAM = 4LBTDVZBKJ;
				INFOPLIST_FILE = TinyNetTests/Info.plist;
				IPHONEOS_DEPLOYMENT_TARGET = 14.5;
				LD_RUNPATH_SEARCH_PATHS = (
					"$(inherited)",
					"@executable_path/Frameworks",
					"@loader_path/Frameworks",
				);
				PRODUCT_BUNDLE_IDENTIFIER = liulishuo.TinyNetTests;
				PRODUCT_NAME = "$(TARGET_NAME)";
				SWIFT_VERSION = 5.0;
				TARGETED_DEVICE_FAMILY = "1,2";
				TEST_HOST = "$(BUILT_PRODUCTS_DIR)/TinyNet.app/TinyNet";
			};
			name = Release;
		};
		14B923DF26CB95A000EDC402 /* Debug */ = {
			isa = XCBuildConfiguration;
			baseConfigurationReference = E23B709A9C70BFFF00EC21C6 /* Pods-TinyNet-TinyNetUITests.debug.xcconfig */;
			buildSettings = {
				ALWAYS_EMBED_SWIFT_STANDARD_LIBRARIES = YES;
				CODE_SIGN_STYLE = Automatic;
				DEVELOPMENT_TEAM = 4LBTDVZBKJ;
				INFOPLIST_FILE = TinyNetUITests/Info.plist;
				LD_RUNPATH_SEARCH_PATHS = (
					"$(inherited)",
					"@executable_path/Frameworks",
					"@loader_path/Frameworks",
				);
				PRODUCT_BUNDLE_IDENTIFIER = liulishuo.TinyNetUITests;
				PRODUCT_NAME = "$(TARGET_NAME)";
				SWIFT_VERSION = 5.0;
				TARGETED_DEVICE_FAMILY = "1,2";
				TEST_TARGET_NAME = TinyNet;
			};
			name = Debug;
		};
		14B923E026CB95A000EDC402 /* Release */ = {
			isa = XCBuildConfiguration;
			baseConfigurationReference = C401ED3769CBC93E8324B9E9 /* Pods-TinyNet-TinyNetUITests.release.xcconfig */;
			buildSettings = {
				ALWAYS_EMBED_SWIFT_STANDARD_LIBRARIES = YES;
				CODE_SIGN_STYLE = Automatic;
				DEVELOPMENT_TEAM = 4LBTDVZBKJ;
				INFOPLIST_FILE = TinyNetUITests/Info.plist;
				LD_RUNPATH_SEARCH_PATHS = (
					"$(inherited)",
					"@executable_path/Frameworks",
					"@loader_path/Frameworks",
				);
				PRODUCT_BUNDLE_IDENTIFIER = liulishuo.TinyNetUITests;
				PRODUCT_NAME = "$(TARGET_NAME)";
				SWIFT_VERSION = 5.0;
				TARGETED_DEVICE_FAMILY = "1,2";
				TEST_TARGET_NAME = TinyNet;
			};
			name = Release;
		};
/* End XCBuildConfiguration section */

/* Begin XCConfigurationList section */
		14B923A926CB959C00EDC402 /* Build configuration list for PBXProject "TinyNet" */ = {
			isa = XCConfigurationList;
			buildConfigurations = (
				14B923D626CB95A000EDC402 /* Debug */,
				14B923D726CB95A000EDC402 /* Release */,
			);
			defaultConfigurationIsVisible = 0;
			defaultConfigurationName = Release;
		};
		14B923D826CB95A000EDC402 /* Build configuration list for PBXNativeTarget "TinyNet" */ = {
			isa = XCConfigurationList;
			buildConfigurations = (
				14B923D926CB95A000EDC402 /* Debug */,
				14B923DA26CB95A000EDC402 /* Release */,
			);
			defaultConfigurationIsVisible = 0;
			defaultConfigurationName = Release;
		};
		14B923DB26CB95A000EDC402 /* Build configuration list for PBXNativeTarget "TinyNetTests" */ = {
			isa = XCConfigurationList;
			buildConfigurations = (
				14B923DC26CB95A000EDC402 /* Debug */,
				14B923DD26CB95A000EDC402 /* Release */,
			);
			defaultConfigurationIsVisible = 0;
			defaultConfigurationName = Release;
		};
		14B923DE26CB95A000EDC402 /* Build configuration list for PBXNativeTarget "TinyNetUITests" */ = {
			isa = XCConfigurationList;
			buildConfigurations = (
				14B923DF26CB95A000EDC402 /* Debug */,
				14B923E026CB95A000EDC402 /* Release */,
			);
			defaultConfigurationIsVisible = 0;
			defaultConfigurationName = Release;
		};
/* End XCConfigurationList section */
	};
	rootObject = 14B923A626CB959C00EDC402 /* Project object */;
}
